
Microsoft Visual Studio Solution File, Format Version 12.00
# Visual Studio Version 16
VisualStudioVersion = 16.0.31129.286
MinimumVisualStudioVersion = 10.0.40219.1
Project("{FAE04EC0-301F-11D3-BF4B-00C04F79EFBC}") = "ToyRobot", "ToyRobot\ToyRobot.csproj", "{0790E97D-8DAA-49A2-987D-8FBAFCE993B6}"
EndProject
Project("{FAE04EC0-301F-11D3-BF4B-00C04F79EFBC}") = "ToyRobotTests", "ToyRobotTests\ToyRobotTests.csproj", "{6B9B9D72-9EC6-4C36-B60A-4C2C6959C319}"
EndProject
Global
	GlobalSection(SolutionConfigurationPlatforms) = preSolution
		Debug|Any CPU = Debug|Any CPU
		Release|Any CPU = Release|Any CPU
	EndGlobalSection
	GlobalSection(ProjectConfigurationPlatforms) = postSolution
		{0790E97D-8DAA-49A2-987D-8FBAFCE993B6}.Debug|Any CPU.ActiveCfg = Debug|Any CPU
		{0790E97D-8DAA-49A2-987D-8FBAFCE993B6}.Debug|Any CPU.Build.0 = Debug|Any CPU
		{0790E97D-8DAA-49A2-987D-8FBAFCE993B6}.Release|Any CPU.ActiveCfg = Release|Any CPU
		{0790E97D-8DAA-49A2-987D-8FBAFCE993B6}.Release|Any CPU.Build.0 = Release|Any CPU
		{6B9B9D72-9EC6-4C36-B60A-4C2C6959C319}.Debug|Any CPU.ActiveCfg = Debug|Any CPU
		{6B9B9D72-9EC6-4C36-B60A-4C2C6959C319}.Debug|Any CPU.Build.0 = Debug|Any CPU
		{6B9B9D72-9EC6-4C36-B60A-4C2C6959C319}.Release|Any CPU.ActiveCfg = Release|Any CPU
		{6B9B9D72-9EC6-4C36-B60A-4C2C6959C319}.Release|Any CPU.Build.0 = Release|Any CPU
	EndGlobalSection
	GlobalSection(SolutionProperties) = preSolution
		HideSolutionNode = FALSE
	EndGlobalSection
	GlobalSection(ExtensibilityGlobals) = postSolution
		SolutionGuid = {C051C762-2960-4D7F-BD10-2674B9A7D96C}
	EndGlobalSection
EndGlobal
